
Microsoft Visual Studio Solution File, Format Version 12.00
# Visual Studio 15
VisualStudioVersion = 15.0.27703.2047
MinimumVisualStudioVersion = 10.0.40219.1
Project("{9A19103F-16F7-4668-BE54-9A1E7A4F7556}") = "SampleWebForQA", "SampleWebForQA\SampleWebForQA.csproj", "{A95448AE-57E0-4E79-AAA5-297D009B0357}"
EndProject
Project("{9A19103F-16F7-4668-BE54-9A1E7A4F7556}") = "SampleWebForQA.UI.Tests", "SampleWebForQA.UI.Tests\SampleWebForQA.UI.Tests.csproj", "{B2A426D2-EBE4-4A47-9F5E-51A340E7F070}"
EndProject
Project("{2150E333-8FDC-42A3-9474-1A3956D46DE8}") = "Solution Items", "Solution Items", "{0964A0B6-23B0-4CE4-93B2-FF4F00C84870}"
	ProjectSection(SolutionItems) = preProject
		..\README.md = ..\README.md
	EndProjectSection
EndProject
Global
	GlobalSection(SolutionConfigurationPlatforms) = preSolution
		Debug|Any CPU = Debug|Any CPU
		Debug|x64 = Debug|x64
		Debug|x86 = Debug|x86
		Release|Any CPU = Release|Any CPU
		Release|x64 = Release|x64
		Release|x86 = Release|x86
	EndGlobalSection
	GlobalSection(ProjectConfigurationPlatforms) = postSolution
		{A95448AE-57E0-4E79-AAA5-297D009B0357}.Debug|Any CPU.ActiveCfg = Debug|Any CPU
		{A95448AE-57E0-4E79-AAA5-297D009B0357}.Debug|Any CPU.Build.0 = Debug|Any CPU
		{A95448AE-57E0-4E79-AAA5-297D009B0357}.Debug|x64.ActiveCfg = Debug|Any CPU
		{A95448AE-57E0-4E79-AAA5-297D009B0357}.Debug|x64.Build.0 = Debug|Any CPU
		{A95448AE-57E0-4E79-AAA5-297D009B0357}.Debug|x86.ActiveCfg = Debug|Any CPU
		{A95448AE-57E0-4E79-AAA5-297D009B0357}.Debug|x86.Build.0 = Debug|Any CPU
		{A95448AE-57E0-4E79-AAA5-297D009B0357}.Release|Any CPU.ActiveCfg = Release|Any CPU
		{A95448AE-57E0-4E79-AAA5-297D009B0357}.Release|Any CPU.Build.0 = Release|Any CPU
		{A95448AE-57E0-4E79-AAA5-297D009B0357}.Release|x64.ActiveCfg = Release|Any CPU
		{A95448AE-57E0-4E79-AAA5-297D009B0357}.Release|x64.Build.0 = Release|Any CPU
		{A95448AE-57E0-4E79-AAA5-297D009B0357}.Release|x86.ActiveCfg = Release|Any CPU
		{A95448AE-57E0-4E79-AAA5-297D009B0357}.Release|x86.Build.0 = Release|Any CPU
		{B2A426D2-EBE4-4A47-9F5E-51A340E7F070}.Debug|Any CPU.ActiveCfg = Debug|Any CPU
		{B2A426D2-EBE4-4A47-9F5E-51A340E7F070}.Debug|Any CPU.Build.0 = Debug|Any CPU
		{B2A426D2-EBE4-4A47-9F5E-51A340E7F070}.Debug|x64.ActiveCfg = Debug|Any CPU
		{B2A426D2-EBE4-4A47-9F5E-51A340E7F070}.Debug|x64.Build.0 = Debug|Any CPU
		{B2A426D2-EBE4-4A47-9F5E-51A340E7F070}.Debug|x86.ActiveCfg = Debug|Any CPU
		{B2A426D2-EBE4-4A47-9F5E-51A340E7F070}.Debug|x86.Build.0 = Debug|Any CPU
		{B2A426D2-EBE4-4A47-9F5E-51A340E7F070}.Release|Any CPU.ActiveCfg = Release|Any CPU
		{B2A426D2-EBE4-4A47-9F5E-51A340E7F070}.Release|Any CPU.Build.0 = Release|Any CPU
		{B2A426D2-EBE4-4A47-9F5E-51A340E7F070}.Release|x64.ActiveCfg = Release|Any CPU
		{B2A426D2-EBE4-4A47-9F5E-51A340E7F070}.Release|x64.Build.0 = Release|Any CPU
		{B2A426D2-EBE4-4A47-9F5E-51A340E7F070}.Release|x86.ActiveCfg = Release|Any CPU
		{B2A426D2-EBE4-4A47-9F5E-51A340E7F070}.Release|x86.Build.0 = Release|Any CPU
	EndGlobalSection
	GlobalSection(SolutionProperties) = preSolution
		HideSolutionNode = FALSE
	EndGlobalSection
	GlobalSection(ExtensibilityGlobals) = postSolution
		SolutionGuid = {7A556079-379F-4C8A-AAD9-2FFA54C3DC95}
	EndGlobalSection
EndGlobal
